// !$*UTF8*$!
{
	archiveVersion = 1;
	classes = {
	};
	objectVersion = 50;
	objects = {

/* Begin PBXBuildFile section */
		5408F127253D269D00E2D75A /* test.264 in CopyFiles */ = {isa = PBXBuildFile; fileRef = 5408F125253D267500E2D75A /* test.264 */; };
		5408F12B253D289000E2D75A /* input.txt in CopyFiles */ = {isa = PBXBuildFile; fileRef = 5408F12A253D287700E2D75A /* input.txt */; };
		5408F12F253D2ABF00E2D75A /* HuffmanCode.cpp in Sources */ = {isa = PBXBuildFile; fileRef = 5408F12D253D2ABF00E2D75A /* HuffmanCode.cpp */; };
		5408F138253EE21300E2D75A /* ExpColumCodec.cpp in Sources */ = {isa = PBXBuildFile; fileRef = 5408F137253EE21300E2D75A /* ExpColumCodec.cpp */; };
		54E349E425502D11005E64E7 /* Configuragtion.cpp in Sources */ = {isa = PBXBuildFile; fileRef = 54E349E325502D11005E64E7 /* Configuragtion.cpp */; };
		D723A83B253C2AAB00ABAD90 /* main.cpp in Sources */ = {isa = PBXBuildFile; fileRef = D723A83A253C2AAB00ABAD90 /* main.cpp */; };
		D723A848253C2E2A00ABAD90 /* CStreamFile.cpp in Sources */ = {isa = PBXBuildFile; fileRef = D723A846253C2E2A00ABAD90 /* CStreamFile.cpp */; };
		D723A84E253C620300ABAD90 /* CNALUnit.cpp in Sources */ = {isa = PBXBuildFile; fileRef = D723A84C253C620300ABAD90 /* CNALUnit.cpp */; };
/* End PBXBuildFile section */

/* Begin PBXCopyFilesBuildPhase section */
		D723A835253C2AAB00ABAD90 /* CopyFiles */ = {
			isa = PBXCopyFilesBuildPhase;
			buildActionMask = 12;
			dstPath = "";
			dstSubfolderSpec = 16;
			files = (
				5408F12B253D289000E2D75A /* input.txt in CopyFiles */,
				5408F127253D269D00E2D75A /* test.264 in CopyFiles */,
			);
			runOnlyForDeploymentPostprocessing = 0;
		};
/* End PBXCopyFilesBuildPhase section */

/* Begin PBXFileReference section */
		5408F125253D267500E2D75A /* test.264 */ = {isa = PBXFileReference; lastKnownFileType = file; path = test.264; sourceTree = SOURCE_ROOT; };
		5408F12A253D287700E2D75A /* input.txt */ = {isa = PBXFileReference; lastKnownFileType = text; path = input.txt; sourceTree = "<group>"; };
		5408F12D253D2ABF00E2D75A /* HuffmanCode.cpp */ = {isa = PBXFileReference; lastKnownFileType = sourcecode.cpp.cpp; path = HuffmanCode.cpp; sourceTree = "<group>"; };
		5408F12E253D2ABF00E2D75A /* HuffmanCode.hpp */ = {isa = PBXFileReference; lastKnownFileType = sourcecode.cpp.h; path = HuffmanCode.hpp; sourceTree = "<group>"; };
		5408F137253EE21300E2D75A /* ExpColumCodec.cpp */ = {isa = PBXFileReference; fileEncoding = 4; lastKnownFileType = sourcecode.cpp.cpp; path = ExpColumCodec.cpp; sourceTree = "<group>"; };
		5408F13B253EFB1A00E2D75A /* ExpColumCodec.hpp */ = {isa = PBXFileReference; lastKnownFileType = sourcecode.cpp.h; path = ExpColumCodec.hpp; sourceTree = "<group>"; };
		54E349E225502CC0005E64E7 /* Configuragtion.hpp */ = {isa = PBXFileReference; lastKnownFileType = sourcecode.cpp.h; path = Configuragtion.hpp; sourceTree = "<group>"; };
		54E349E325502D11005E64E7 /* Configuragtion.cpp */ = {isa = PBXFileReference; lastKnownFileType = sourcecode.cpp.cpp; path = Configuragtion.cpp; sourceTree = "<group>"; };
		D723A837253C2AAB00ABAD90 /* H264Codec */ = {isa = PBXFileReference; explicitFileType = "compiled.mach-o.executable"; includeInIndex = 0; path = H264Codec; sourceTree = BUILT_PRODUCTS_DIR; };
		D723A83A253C2AAB00ABAD90 /* main.cpp */ = {isa = PBXFileReference; lastKnownFileType = sourcecode.cpp.cpp; path = main.cpp; sourceTree = "<group>"; };
		D723A846253C2E2A00ABAD90 /* CStreamFile.cpp */ = {isa = PBXFileReference; lastKnownFileType = sourcecode.cpp.cpp; path = CStreamFile.cpp; sourceTree = "<group>"; };
		D723A847253C2E2A00ABAD90 /* CStreamFile.hpp */ = {isa = PBXFileReference; lastKnownFileType = sourcecode.cpp.h; path = CStreamFile.hpp; sourceTree = "<group>"; };
		D723A84A253C2EF900ABAD90 /* Global.h */ = {isa = PBXFileReference; lastKnownFileType = sourcecode.c.h; path = Global.h; sourceTree = "<group>"; };
		D723A84C253C620300ABAD90 /* CNALUnit.cpp */ = {isa = PBXFileReference; lastKnownFileType = sourcecode.cpp.cpp; path = CNALUnit.cpp; sourceTree = "<group>"; };
		D723A84D253C620300ABAD90 /* CNALUnit.hpp */ = {isa = PBXFileReference; lastKnownFileType = sourcecode.cpp.h; path = CNALUnit.hpp; sourceTree = "<group>"; };
/* End PBXFileReference section */

/* Begin PBXFrameworksBuildPhase section */
		D723A834253C2AAB00ABAD90 /* Frameworks */ = {
			isa = PBXFrameworksBuildPhase;
			buildActionMask = 2147483647;
			files = (
			);
			runOnlyForDeploymentPostprocessing = 0;
		};
/* End PBXFrameworksBuildPhase section */

/* Begin PBXGroup section */
		D723A82E253C2AAB00ABAD90 = {
			isa = PBXGroup;
			children = (
				D723A839253C2AAB00ABAD90 /* H264Codec */,
				D723A838253C2AAB00ABAD90 /* Products */,
			);
			sourceTree = "<group>";
		};
		D723A838253C2AAB00ABAD90 /* Products */ = {
			isa = PBXGroup;
			children = (
				D723A837253C2AAB00ABAD90 /* H264Codec */,
			);
			name = Products;
			sourceTree = "<group>";
		};
		D723A839253C2AAB00ABAD90 /* H264Codec */ = {
			isa = PBXGroup;
			children = (
				5408F125253D267500E2D75A /* test.264 */,
				D723A83A253C2AAB00ABAD90 /* main.cpp */,
				D723A846253C2E2A00ABAD90 /* CStreamFile.cpp */,
				D723A847253C2E2A00ABAD90 /* CStreamFile.hpp */,
				D723A84C253C620300ABAD90 /* CNALUnit.cpp */,
				D723A84D253C620300ABAD90 /* CNALUnit.hpp */,
				D723A84A253C2EF900ABAD90 /* Global.h */,
				5408F12A253D287700E2D75A /* input.txt */,
				5408F12D253D2ABF00E2D75A /* HuffmanCode.cpp */,
				5408F12E253D2ABF00E2D75A /* HuffmanCode.hpp */,
				5408F137253EE21300E2D75A /* ExpColumCodec.cpp */,
				5408F13B253EFB1A00E2D75A /* ExpColumCodec.hpp */,
				54E349E225502CC0005E64E7 /* Configuragtion.hpp */,
				54E349E325502D11005E64E7 /* Configuragtion.cpp */,
			);
			path = H264Codec;
			sourceTree = "<group>";
		};
/* End PBXGroup section */

/* Begin PBXNativeTarget section */
		D723A836253C2AAB00ABAD90 /* H264Codec */ = {
			isa = PBXNativeTarget;
			buildConfigurationList = D723A83E253C2AAB00ABAD90 /* Build configuration list for PBXNativeTarget "H264Codec" */;
			buildPhases = (
				D723A833253C2AAB00ABAD90 /* Sources */,
				D723A834253C2AAB00ABAD90 /* Frameworks */,
				D723A835253C2AAB00ABAD90 /* CopyFiles */,
			);
			buildRules = (
			);
			dependencies = (
			);
			name = H264Codec;
			productName = H264Codec;
			productReference = D723A837253C2AAB00ABAD90 /* H264Codec */;
			productType = "com.apple.product-type.tool";
		};
/* End PBXNativeTarget section */

/* Begin PBXProject section */
		D723A82F253C2AAB00ABAD90 /* Project object */ = {
			isa = PBXProject;
			attributes = {
				LastUpgradeCheck = 1200;
				TargetAttributes = {
					D723A836253C2AAB00ABAD90 = {
						CreatedOnToolsVersion = 12.0;
					};
				};
			};
			buildConfigurationList = D723A832253C2AAB00ABAD90 /* Build configuration list for PBXProject "H264Codec" */;
			compatibilityVersion = "Xcode 9.3";
			developmentRegion = en;
			hasScannedForEncodings = 0;
			knownRegions = (
				en,
				Base,
			);
			mainGroup = D723A82E253C2AAB00ABAD90;
			productRefGroup = D723A838253C2AAB00ABAD90 /* Products */;
			projectDirPath = "";
			projectRoot = "";
			targets = (
				D723A836253C2AAB00ABAD90 /* H264Codec */,
			);
		};
/* End PBXProject section */

/* Begin PBXSourcesBuildPhase section */
		D723A833253C2AAB00ABAD90 /* Sources */ = {
			isa = PBXSourcesBuildPhase;
			buildActionMask = 2147483647;
			files = (
				54E349E425502D11005E64E7 /* Configuragtion.cpp in Sources */,
				5408F138253EE21300E2D75A /* ExpColumCodec.cpp in Sources */,
				5408F12F253D2ABF00E2D75A /* HuffmanCode.cpp in Sources */,
				D723A848253C2E2A00ABAD90 /* CStreamFile.cpp in Sources */,
				D723A83B253C2AAB00ABAD90 /* main.cpp in Sources */,
				D723A84E253C620300ABAD90 /* CNALUnit.cpp in Sources */,
			);
			runOnlyForDeploymentPostprocessing = 0;
		};
/* End PBXSourcesBuildPhase section */

/* Begin XCBuildConfiguration section */
		D723A83C253C2AAB00ABAD90 /* Debug */ = {
			isa = XCBuildConfiguration;
			buildSettings = {
				ALWAYS_SEARCH_USER_PATHS = NO;
				CLANG_ANALYZER_NONNULL = YES;
				CLANG_ANALYZER_NUMBER_OBJECT_CONVERSION = YES_AGGRESSIVE;
				CLANG_CXX_LANGUAGE_STANDARD = "gnu++14";
				CLANG_CXX_LIBRARY = "libc++";
				CLANG_ENABLE_MODULES = YES;
				CLANG_ENABLE_OBJC_ARC = YES;
				CLANG_ENABLE_OBJC_WEAK = YES;
				CLANG_WARN_BLOCK_CAPTURE_AUTORELEASING = YES;
				CLANG_WARN_BOOL_CONVERSION = YES;
				CLANG_WARN_COMMA = YES;
				CLANG_WARN_CONSTANT_CONVERSION = YES;
				CLANG_WARN_DEPRECATED_OBJC_IMPLEMENTATIONS = YES;
				CLANG_WARN_DIRECT_OBJC_ISA_USAGE = YES_ERROR;
				CLANG_WARN_DOCUMENTATION_COMMENTS = YES;
				CLANG_WARN_EMPTY_BODY = YES;
				CLANG_WARN_ENUM_CONVERSION = YES;
				CLANG_WARN_INFINITE_RECURSION = YES;
				CLANG_WARN_INT_CONVERSION = YES;
				CLANG_WARN_NON_LITERAL_NULL_CONVERSION = YES;
				CLANG_WARN_OBJC_IMPLICIT_RETAIN_SELF = YES;
				CLANG_WARN_OBJC_LITERAL_CONVERSION = YES;
				CLANG_WARN_OBJC_ROOT_CLASS = YES_ERROR;
				CLANG_WARN_QUOTED_INCLUDE_IN_FRAMEWORK_HEADER = YES;
				CLANG_WARN_RANGE_LOOP_ANALYSIS = YES;
				CLANG_WARN_STRICT_PROTOTYPES = YES;
				CLANG_WARN_SUSPICIOUS_MOVE = YES;
				CLANG_WARN_UNGUARDED_AVAILABILITY = YES_AGGRESSIVE;
				CLANG_WARN_UNREACHABLE_CODE = YES;
				CLANG_WARN__DUPLICATE_METHOD_MATCH = YES;
				COPY_PHASE_STRIP = NO;
				DEBUG_INFORMATION_FORMAT = dwarf;
				ENABLE_STRICT_OBJC_MSGSEND = YES;
				ENABLE_TESTABILITY = YES;
				GCC_C_LANGUAGE_STANDARD = gnu11;
				GCC_DYNAMIC_NO_PIC = NO;
				GCC_NO_COMMON_BLOCKS = YES;
				GCC_OPTIMIZATION_LEVEL = 0;
				GCC_PREPROCESSOR_DEFINITIONS = (
					"DEBUG=1",
					"$(inherited)",
				);
				GCC_WARN_64_TO_32_BIT_CONVERSION = YES;
				GCC_WARN_ABOUT_RETURN_TYPE = YES_ERROR;
				GCC_WARN_UNDECLARED_SELECTOR = YES;
				GCC_WARN_UNINITIALIZED_AUTOS = YES_AGGRESSIVE;
				GCC_WARN_UNUSED_FUNCTION = YES;
				GCC_WARN_UNUSED_VARIABLE = YES;
				MACOSX_DEPLOYMENT_TARGET = 10.15;
				MTL_ENABLE_DEBUG_INFO = INCLUDE_SOURCE;
				MTL_FAST_MATH = YES;
				ONLY_ACTIVE_ARCH = YES;
				SDKROOT = macosx;
			};
			name = Debug;
		};
		D723A83D253C2AAB00ABAD90 /* Release */ = {
			isa = XCBuildConfiguration;
			buildSettings = {
				ALWAYS_SEARCH_USER_PATHS = NO;
				CLANG_ANALYZER_NONNULL = YES;
				CLANG_ANALYZER_NUMBER_OBJECT_CONVERSION = YES_AGGRESSIVE;
				CLANG_CXX_LANGUAGE_STANDARD = "gnu++14";
				CLANG_CXX_LIBRARY = "libc++";
				CLANG_ENABLE_MODULES = YES;
				CLANG_ENABLE_OBJC_ARC = YES;
				CLANG_ENABLE_OBJC_WEAK = YES;
				CLANG_WARN_BLOCK_CAPTURE_AUTORELEASING = YES;
				CLANG_WARN_BOOL_CONVERSION = YES;
				CLANG_WARN_COMMA = YES;
				CLANG_WARN_CONSTANT_CONVERSION = YES;
				CLANG_WARN_DEPRECATED_OBJC_IMPLEMENTATIONS = YES;
				CLANG_WARN_DIRECT_OBJC_ISA_USAGE = YES_ERROR;
				CLANG_WARN_DOCUMENTATION_COMMENTS = YES;
				CLANG_WARN_EMPTY_BODY = YES;
				CLANG_WARN_ENUM_CONVERSION = YES;
				CLANG_WARN_INFINITE_RECURSION = YES;
				CLANG_WARN_INT_CONVERSION = YES;
				CLANG_WARN_NON_LITERAL_NULL_CONVERSION = YES;
				CLANG_WARN_OBJC_IMPLICIT_RETAIN_SELF = YES;
				CLANG_WARN_OBJC_LITERAL_CONVERSION = YES;
				CLANG_WARN_OBJC_ROOT_CLASS = YES_ERROR;
				CLANG_WARN_QUOTED_INCLUDE_IN_FRAMEWORK_HEADER = YES;
				CLANG_WARN_RANGE_LOOP_ANALYSIS = YES;
				CLANG_WARN_STRICT_PROTOTYPES = YES;
				CLANG_WARN_SUSPICIOUS_MOVE = YES;
				CLANG_WARN_UNGUARDED_AVAILABILITY = YES_AGGRESSIVE;
				CLANG_WARN_UNREACHABLE_CODE = YES;
				CLANG_WARN__DUPLICATE_METHOD_MATCH = YES;
				COPY_PHASE_STRIP = NO;
				DEBUG_INFORMATION_FORMAT = "dwarf-with-dsym";
				ENABLE_NS_ASSERTIONS = NO;
				ENABLE_STRICT_OBJC_MSGSEND = YES;
				GCC_C_LANGUAGE_STANDARD = gnu11;
				GCC_NO_COMMON_BLOCKS = YES;
				GCC_WARN_64_TO_32_BIT_CONVERSION = YES;
				GCC_WARN_ABOUT_RETURN_TYPE = YES_ERROR;
				GCC_WARN_UNDECLARED_SELECTOR = YES;
				GCC_WARN_UNINITIALIZED_AUTOS = YES_AGGRESSIVE;
				GCC_WARN_UNUSED_FUNCTION = YES;
				GCC_WARN_UNUSED_VARIABLE = YES;
				MACOSX_DEPLOYMENT_TARGET = 10.15;
				MTL_ENABLE_DEBUG_INFO = NO;
				MTL_FAST_MATH = YES;
				SDKROOT = macosx;
			};
			name = Release;
		};
		D723A83F253C2AAB00ABAD90 /* Debug */ = {
			isa = XCBuildConfiguration;
			buildSettings = {
				CODE_SIGN_STYLE = Automatic;
				DEVELOPMENT_TEAM = 8VBF894SB3;
				ENABLE_HARDENED_RUNTIME = YES;
				PRODUCT_NAME = "$(TARGET_NAME)";
			};
			name = Debug;
		};
		D723A840253C2AAB00ABAD90 /* Release */ = {
			isa = XCBuildConfiguration;
			buildSettings = {
				CODE_SIGN_STYLE = Automatic;
				DEVELOPMENT_TEAM = 8VBF894SB3;
				ENABLE_HARDENED_RUNTIME = YES;
				PRODUCT_NAME = "$(TARGET_NAME)";
			};
			name = Release;
		};
/* End XCBuildConfiguration section */

/* Begin XCConfigurationList section */
		D723A832253C2AAB00ABAD90 /* Build configuration list for PBXProject "H264Codec" */ = {
			isa = XCConfigurationList;
			buildConfigurations = (
				D723A83C253C2AAB00ABAD90 /* Debug */,
				D723A83D253C2AAB00ABAD90 /* Release */,
			);
			defaultConfigurationIsVisible = 0;
			defaultConfigurationName = Release;
		};
		D723A83E253C2AAB00ABAD90 /* Build configuration list for PBXNativeTarget "H264Codec" */ = {
			isa = XCConfigurationList;
			buildConfigurations = (
				D723A83F253C2AAB00ABAD90 /* Debug */,
				D723A840253C2AAB00ABAD90 /* Release */,
			);
			defaultConfigurationIsVisible = 0;
			defaultConfigurationName = Release;
		};
/* End XCConfigurationList section */
	};
	rootObject = D723A82F253C2AAB00ABAD90 /* Project object */;
}
